// !$*UTF8*$!
{
	archiveVersion = 1;
	classes = {
	};
	objectVersion = 50;
	objects = {

/* Begin PBXBuildFile section */
		1A1789A224D49AE90059B4AC /* AppDelegate.swift in Sources */ = {isa = PBXBuildFile; fileRef = 1A1789A124D49AE90059B4AC /* AppDelegate.swift */; };
		1A1789A424D49AE90059B4AC /* SceneDelegate.swift in Sources */ = {isa = PBXBuildFile; fileRef = 1A1789A324D49AE90059B4AC /* SceneDelegate.swift */; };
		1A1789A624D49AE90059B4AC /* ViewController.swift in Sources */ = {isa = PBXBuildFile; fileRef = 1A1789A524D49AE90059B4AC /* ViewController.swift */; };
		1A1789A924D49AE90059B4AC /* Main.storyboard in Resources */ = {isa = PBXBuildFile; fileRef = 1A1789A724D49AE90059B4AC /* Main.storyboard */; };
		1A1789AB24D49AE90059B4AC /* Assets.xcassets in Resources */ = {isa = PBXBuildFile; fileRef = 1A1789AA24D49AE90059B4AC /* Assets.xcassets */; };
		1A1789AE24D49AE90059B4AC /* LaunchScreen.storyboard in Resources */ = {isa = PBXBuildFile; fileRef = 1A1789AC24D49AE90059B4AC /* LaunchScreen.storyboard */; };
		1A719B2024D9A22400FA025B /* AsyncOperation.swift in Sources */ = {isa = PBXBuildFile; fileRef = 1A719B1F24D9A22400FA025B /* AsyncOperation.swift */; };
		1A719B2524D9A62F00FA025B /* APODServices.swift in Sources */ = {isa = PBXBuildFile; fileRef = 1A719B2424D9A62F00FA025B /* APODServices.swift */; };
		1A719B2724D9A79C00FA025B /* Extensions.swift in Sources */ = {isa = PBXBuildFile; fileRef = 1A719B2624D9A79C00FA025B /* Extensions.swift */; };
		1A719B2924D9A7B000FA025B /* NetworkingClass.swift in Sources */ = {isa = PBXBuildFile; fileRef = 1A719B2824D9A7B000FA025B /* NetworkingClass.swift */; };
		1A719B2B24D9AEDF00FA025B /* APODStruct.swift in Sources */ = {isa = PBXBuildFile; fileRef = 1A719B2A24D9AEDF00FA025B /* APODStruct.swift */; };
		1A719B2E24D9B32C00FA025B /* ManagerAPOD.swift in Sources */ = {isa = PBXBuildFile; fileRef = 1A719B2D24D9B32C00FA025B /* ManagerAPOD.swift */; };
		1A719B3024D9D41B00FA025B /* Conversions.swift in Sources */ = {isa = PBXBuildFile; fileRef = 1A719B2F24D9D41B00FA025B /* Conversions.swift */; };
		1A719B3224DA183100FA025B /* LoadingNasa.swift in Sources */ = {isa = PBXBuildFile; fileRef = 1A719B3124DA183100FA025B /* LoadingNasa.swift */; };
		1A719B3424DA26D000FA025B /* MainViewViewController.swift in Sources */ = {isa = PBXBuildFile; fileRef = 1A719B3324DA26D000FA025B /* MainViewViewController.swift */; };
		1A719B3624DA2C8C00FA025B /* ViewImages.xib in Resources */ = {isa = PBXBuildFile; fileRef = 1A719B3524DA2C8C00FA025B /* ViewImages.xib */; };
		1A719B3924DA2ED100FA025B /* DetailApods.swift in Sources */ = {isa = PBXBuildFile; fileRef = 1A719B3824DA2ED100FA025B /* DetailApods.swift */; };
		1A719B3B24DA552E00FA025B /* DetailViewController.swift in Sources */ = {isa = PBXBuildFile; fileRef = 1A719B3A24DA552E00FA025B /* DetailViewController.swift */; };
/* End PBXBuildFile section */

/* Begin PBXFileReference section */
		1A17899E24D49AE90059B4AC /* APOD.app */ = {isa = PBXFileReference; explicitFileType = wrapper.application; includeInIndex = 0; path = APOD.app; sourceTree = BUILT_PRODUCTS_DIR; };
		1A1789A124D49AE90059B4AC /* AppDelegate.swift */ = {isa = PBXFileReference; lastKnownFileType = sourcecode.swift; path = AppDelegate.swift; sourceTree = "<group>"; };
		1A1789A324D49AE90059B4AC /* SceneDelegate.swift */ = {isa = PBXFileReference; lastKnownFileType = sourcecode.swift; path = SceneDelegate.swift; sourceTree = "<group>"; };
		1A1789A524D49AE90059B4AC /* ViewController.swift */ = {isa = PBXFileReference; lastKnownFileType = sourcecode.swift; path = ViewController.swift; sourceTree = "<group>"; };
		1A1789A824D49AE90059B4AC /* Base */ = {isa = PBXFileReference; lastKnownFileType = file.storyboard; name = Base; path = Base.lproj/Main.storyboard; sourceTree = "<group>"; };
		1A1789AA24D49AE90059B4AC /* Assets.xcassets */ = {isa = PBXFileReference; lastKnownFileType = folder.assetcatalog; path = Assets.xcassets; sourceTree = "<group>"; };
		1A1789AD24D49AE90059B4AC /* Base */ = {isa = PBXFileReference; lastKnownFileType = file.storyboard; name = Base; path = Base.lproj/LaunchScreen.storyboard; sourceTree = "<group>"; };
		1A1789AF24D49AE90059B4AC /* Info.plist */ = {isa = PBXFileReference; lastKnownFileType = text.plist.xml; path = Info.plist; sourceTree = "<group>"; };
		1A719B1F24D9A22400FA025B /* AsyncOperation.swift */ = {isa = PBXFileReference; lastKnownFileType = sourcecode.swift; path = AsyncOperation.swift; sourceTree = "<group>"; };
		1A719B2424D9A62F00FA025B /* APODServices.swift */ = {isa = PBXFileReference; lastKnownFileType = sourcecode.swift; path = APODServices.swift; sourceTree = "<group>"; };
		1A719B2624D9A79C00FA025B /* Extensions.swift */ = {isa = PBXFileReference; lastKnownFileType = sourcecode.swift; path = Extensions.swift; sourceTree = "<group>"; };
		1A719B2824D9A7B000FA025B /* NetworkingClass.swift */ = {isa = PBXFileReference; lastKnownFileType = sourcecode.swift; path = NetworkingClass.swift; sourceTree = "<group>"; };
		1A719B2A24D9AEDF00FA025B /* APODStruct.swift */ = {isa = PBXFileReference; lastKnownFileType = sourcecode.swift; path = APODStruct.swift; sourceTree = "<group>"; };
		1A719B2D24D9B32C00FA025B /* ManagerAPOD.swift */ = {isa = PBXFileReference; lastKnownFileType = sourcecode.swift; path = ManagerAPOD.swift; sourceTree = "<group>"; };
		1A719B2F24D9D41B00FA025B /* Conversions.swift */ = {isa = PBXFileReference; lastKnownFileType = sourcecode.swift; path = Conversions.swift; sourceTree = "<group>"; };
		1A719B3124DA183100FA025B /* LoadingNasa.swift */ = {isa = PBXFileReference; lastKnownFileType = sourcecode.swift; path = LoadingNasa.swift; sourceTree = "<group>"; };
		1A719B3324DA26D000FA025B /* MainViewViewController.swift */ = {isa = PBXFileReference; lastKnownFileType = sourcecode.swift; path = MainViewViewController.swift; sourceTree = "<group>"; };
		1A719B3524DA2C8C00FA025B /* ViewImages.xib */ = {isa = PBXFileReference; lastKnownFileType = file.xib; path = ViewImages.xib; sourceTree = "<group>"; };
		1A719B3824DA2ED100FA025B /* DetailApods.swift */ = {isa = PBXFileReference; lastKnownFileType = sourcecode.swift; path = DetailApods.swift; sourceTree = "<group>"; };
		1A719B3A24DA552E00FA025B /* DetailViewController.swift */ = {isa = PBXFileReference; lastKnownFileType = sourcecode.swift; path = DetailViewController.swift; sourceTree = "<group>"; };
/* End PBXFileReference section */

/* Begin PBXFrameworksBuildPhase section */
		1A17899B24D49AE90059B4AC /* Frameworks */ = {
			isa = PBXFrameworksBuildPhase;
			buildActionMask = 2147483647;
			files = (
			);
			runOnlyForDeploymentPostprocessing = 0;
		};
/* End PBXFrameworksBuildPhase section */

/* Begin PBXGroup section */
		1A17899524D49AE80059B4AC = {
			isa = PBXGroup;
			children = (
				1A1789A024D49AE90059B4AC /* APOD */,
				1A17899F24D49AE90059B4AC /* Products */,
			);
			sourceTree = "<group>";
		};
		1A17899F24D49AE90059B4AC /* Products */ = {
			isa = PBXGroup;
			children = (
				1A17899E24D49AE90059B4AC /* APOD.app */,
			);
			name = Products;
			sourceTree = "<group>";
		};
		1A1789A024D49AE90059B4AC /* APOD */ = {
			isa = PBXGroup;
			children = (
				1A719B1E24D9A20B00FA025B /* Sources */,
				1A1789B824D4A8370059B4AC /* Suporting Files */,
				1A1789B724D4A7FF0059B4AC /* View */,
				1A1789B624D4A7F40059B4AC /* Controller */,
				1A1789B524D49DDF0059B4AC /* Model */,
				1A1789A124D49AE90059B4AC /* AppDelegate.swift */,
				1A1789A324D49AE90059B4AC /* SceneDelegate.swift */,
				1A1789AA24D49AE90059B4AC /* Assets.xcassets */,
			);
			path = APOD;
			sourceTree = "<group>";
		};
		1A1789B524D49DDF0059B4AC /* Model */ = {
			isa = PBXGroup;
			children = (
				1A719B2A24D9AEDF00FA025B /* APODStruct.swift */,
			);
			path = Model;
			sourceTree = "<group>";
		};
		1A1789B624D4A7F40059B4AC /* Controller */ = {
			isa = PBXGroup;
			children = (
				1A1789A524D49AE90059B4AC /* ViewController.swift */,
				1A719B3324DA26D000FA025B /* MainViewViewController.swift */,
				1A719B3A24DA552E00FA025B /* DetailViewController.swift */,
			);
			path = Controller;
			sourceTree = "<group>";
		};
		1A1789B724D4A7FF0059B4AC /* View */ = {
			isa = PBXGroup;
			children = (
				1A1789A724D49AE90059B4AC /* Main.storyboard */,
				1A1789AC24D49AE90059B4AC /* LaunchScreen.storyboard */,
				1A719B3524DA2C8C00FA025B /* ViewImages.xib */,
			);
			path = View;
			sourceTree = "<group>";
		};
		1A1789B824D4A8370059B4AC /* Suporting Files */ = {
			isa = PBXGroup;
			children = (
				1A1789AF24D49AE90059B4AC /* Info.plist */,
			);
			path = "Suporting Files";
			sourceTree = "<group>";
		};
		1A719B1E24D9A20B00FA025B /* Sources */ = {
			isa = PBXGroup;
			children = (
				1A719B3724DA2EAD00FA025B /* Views */,
				1A719B2C24D9B31500FA025B /* manager */,
				1A719B2124D9A57300FA025B /* utilities */,
				1A719B1F24D9A22400FA025B /* AsyncOperation.swift */,
				1A719B2824D9A7B000FA025B /* NetworkingClass.swift */,
			);
			path = Sources;
			sourceTree = "<group>";
		};
		1A719B2124D9A57300FA025B /* utilities */ = {
			isa = PBXGroup;
			children = (
				1A719B2424D9A62F00FA025B /* APODServices.swift */,
				1A719B2624D9A79C00FA025B /* Extensions.swift */,
				1A719B2F24D9D41B00FA025B /* Conversions.swift */,
				1A719B3124DA183100FA025B /* LoadingNasa.swift */,
			);
			path = utilities;
			sourceTree = "<group>";
		};
		1A719B2C24D9B31500FA025B /* manager */ = {
			isa = PBXGroup;
			children = (
				1A719B2D24D9B32C00FA025B /* ManagerAPOD.swift */,
			);
			path = manager;
			sourceTree = "<group>";
		};
		1A719B3724DA2EAD00FA025B /* Views */ = {
			isa = PBXGroup;
			children = (
				1A719B3824DA2ED100FA025B /* DetailApods.swift */,
			);
			path = Views;
			sourceTree = "<group>";
		};
/* End PBXGroup section */

/* Begin PBXNativeTarget section */
		1A17899D24D49AE90059B4AC /* APOD */ = {
			isa = PBXNativeTarget;
			buildConfigurationList = 1A1789B224D49AE90059B4AC /* Build configuration list for PBXNativeTarget "APOD" */;
			buildPhases = (
				1A17899A24D49AE90059B4AC /* Sources */,
				1A17899B24D49AE90059B4AC /* Frameworks */,
				1A17899C24D49AE90059B4AC /* Resources */,
			);
			buildRules = (
			);
			dependencies = (
			);
			name = APOD;
			productName = APOD;
			productReference = 1A17899E24D49AE90059B4AC /* APOD.app */;
			productType = "com.apple.product-type.application";
		};
/* End PBXNativeTarget section */

/* Begin PBXProject section */
		1A17899624D49AE80059B4AC /* Project object */ = {
			isa = PBXProject;
			attributes = {
				LastSwiftUpdateCheck = 1160;
				LastUpgradeCheck = 1160;
				ORGANIZATIONNAME = harry;
				TargetAttributes = {
					1A17899D24D49AE90059B4AC = {
						CreatedOnToolsVersion = 11.6;
					};
				};
			};
			buildConfigurationList = 1A17899924D49AE80059B4AC /* Build configuration list for PBXProject "APOD" */;
			compatibilityVersion = "Xcode 9.3";
			developmentRegion = en;
			hasScannedForEncodings = 0;
			knownRegions = (
				en,
				Base,
			);
			mainGroup = 1A17899524D49AE80059B4AC;
			productRefGroup = 1A17899F24D49AE90059B4AC /* Products */;
			projectDirPath = "";
			projectRoot = "";
			targets = (
				1A17899D24D49AE90059B4AC /* APOD */,
			);
		};
/* End PBXProject section */

/* Begin PBXResourcesBuildPhase section */
		1A17899C24D49AE90059B4AC /* Resources */ = {
			isa = PBXResourcesBuildPhase;
			buildActionMask = 2147483647;
			files = (
				1A719B3624DA2C8C00FA025B /* ViewImages.xib in Resources */,
				1A1789AE24D49AE90059B4AC /* LaunchScreen.storyboard in Resources */,
				1A1789AB24D49AE90059B4AC /* Assets.xcassets in Resources */,
				1A1789A924D49AE90059B4AC /* Main.storyboard in Resources */,
			);
			runOnlyForDeploymentPostprocessing = 0;
		};
/* End PBXResourcesBuildPhase section */

/* Begin PBXSourcesBuildPhase section */
		1A17899A24D49AE90059B4AC /* Sources */ = {
			isa = PBXSourcesBuildPhase;
			buildActionMask = 2147483647;
			files = (
				1A719B3924DA2ED100FA025B /* DetailApods.swift in Sources */,
				1A719B2924D9A7B000FA025B /* NetworkingClass.swift in Sources */,
				1A1789A624D49AE90059B4AC /* ViewController.swift in Sources */,
				1A719B2724D9A79C00FA025B /* Extensions.swift in Sources */,
				1A719B3224DA183100FA025B /* LoadingNasa.swift in Sources */,
				1A1789A224D49AE90059B4AC /* AppDelegate.swift in Sources */,
				1A719B2B24D9AEDF00FA025B /* APODStruct.swift in Sources */,
				1A719B3024D9D41B00FA025B /* Conversions.swift in Sources */,
				1A719B2524D9A62F00FA025B /* APODServices.swift in Sources */,
				1A719B2024D9A22400FA025B /* AsyncOperation.swift in Sources */,
				1A1789A424D49AE90059B4AC /* SceneDelegate.swift in Sources */,
				1A719B3424DA26D000FA025B /* MainViewViewController.swift in Sources */,
				1A719B2E24D9B32C00FA025B /* ManagerAPOD.swift in Sources */,
				1A719B3B24DA552E00FA025B /* DetailViewController.swift in Sources */,
			);
			runOnlyForDeploymentPostprocessing = 0;
		};
/* End PBXSourcesBuildPhase section */

/* Begin PBXVariantGroup section */
		1A1789A724D49AE90059B4AC /* Main.storyboard */ = {
			isa = PBXVariantGroup;
			children = (
				1A1789A824D49AE90059B4AC /* Base */,
			);
			name = Main.storyboard;
			sourceTree = "<group>";
		};
		1A1789AC24D49AE90059B4AC /* LaunchScreen.storyboard */ = {
			isa = PBXVariantGroup;
			children = (
				1A1789AD24D49AE90059B4AC /* Base */,
			);
			name = LaunchScreen.storyboard;
			sourceTree = "<group>";
		};
/* End PBXVariantGroup section */

/* Begin XCBuildConfiguration section */
		1A1789B024D49AE90059B4AC /* Debug */ = {
			isa = XCBuildConfiguration;
			buildSettings = {
				ALWAYS_SEARCH_USER_PATHS = NO;
				CLANG_ANALYZER_NONNULL = YES;
				CLANG_ANALYZER_NUMBER_OBJECT_CONVERSION = YES_AGGRESSIVE;
				CLANG_CXX_LANGUAGE_STANDARD = "gnu++14";
				CLANG_CXX_LIBRARY = "libc++";
				CLANG_ENABLE_MODULES = YES;
				CLANG_ENABLE_OBJC_ARC = YES;
				CLANG_ENABLE_OBJC_WEAK = YES;
				CLANG_WARN_BLOCK_CAPTURE_AUTORELEASING = YES;
				CLANG_WARN_BOOL_CONVERSION = YES;
				CLANG_WARN_COMMA = YES;
				CLANG_WARN_CONSTANT_CONVERSION = YES;
				CLANG_WARN_DEPRECATED_OBJC_IMPLEMENTATIONS = YES;
				CLANG_WARN_DIRECT_OBJC_ISA_USAGE = YES_ERROR;
				CLANG_WARN_DOCUMENTATION_COMMENTS = YES;
				CLANG_WARN_EMPTY_BODY = YES;
				CLANG_WARN_ENUM_CONVERSION = YES;
				CLANG_WARN_INFINITE_RECURSION = YES;
				CLANG_WARN_INT_CONVERSION = YES;
				CLANG_WARN_NON_LITERAL_NULL_CONVERSION = YES;
				CLANG_WARN_OBJC_IMPLICIT_RETAIN_SELF = YES;
				CLANG_WARN_OBJC_LITERAL_CONVERSION = YES;
				CLANG_WARN_OBJC_ROOT_CLASS = YES_ERROR;
				CLANG_WARN_RANGE_LOOP_ANALYSIS = YES;
				CLANG_WARN_STRICT_PROTOTYPES = YES;
				CLANG_WARN_SUSPICIOUS_MOVE = YES;
				CLANG_WARN_UNGUARDED_AVAILABILITY = YES_AGGRESSIVE;
				CLANG_WARN_UNREACHABLE_CODE = YES;
				CLANG_WARN__DUPLICATE_METHOD_MATCH = YES;
				COPY_PHASE_STRIP = NO;
				DEBUG_INFORMATION_FORMAT = dwarf;
				ENABLE_STRICT_OBJC_MSGSEND = YES;
				ENABLE_TESTABILITY = YES;
				GCC_C_LANGUAGE_STANDARD = gnu11;
				GCC_DYNAMIC_NO_PIC = NO;
				GCC_NO_COMMON_BLOCKS = YES;
				GCC_OPTIMIZATION_LEVEL = 0;
				GCC_PREPROCESSOR_DEFINITIONS = (
					"DEBUG=1",
					"$(inherited)",
				);
				GCC_WARN_64_TO_32_BIT_CONVERSION = YES;
				GCC_WARN_ABOUT_RETURN_TYPE = YES_ERROR;
				GCC_WARN_UNDECLARED_SELECTOR = YES;
				GCC_WARN_UNINITIALIZED_AUTOS = YES_AGGRESSIVE;
				GCC_WARN_UNUSED_FUNCTION = YES;
				GCC_WARN_UNUSED_VARIABLE = YES;
				"INFOPLIST_FILE[sdk=*]" = "";
				IPHONEOS_DEPLOYMENT_TARGET = 13.6;
				MTL_ENABLE_DEBUG_INFO = INCLUDE_SOURCE;
				MTL_FAST_MATH = YES;
				ONLY_ACTIVE_ARCH = YES;
				SDKROOT = iphoneos;
				SWIFT_ACTIVE_COMPILATION_CONDITIONS = DEBUG;
				SWIFT_OPTIMIZATION_LEVEL = "-Onone";
			};
			name = Debug;
		};
		1A1789B124D49AE90059B4AC /* Release */ = {
			isa = XCBuildConfiguration;
			buildSettings = {
				ALWAYS_SEARCH_USER_PATHS = NO;
				CLANG_ANALYZER_NONNULL = YES;
				CLANG_ANALYZER_NUMBER_OBJECT_CONVERSION = YES_AGGRESSIVE;
				CLANG_CXX_LANGUAGE_STANDARD = "gnu++14";
				CLANG_CXX_LIBRARY = "libc++";
				CLANG_ENABLE_MODULES = YES;
				CLANG_ENABLE_OBJC_ARC = YES;
				CLANG_ENABLE_OBJC_WEAK = YES;
				CLANG_WARN_BLOCK_CAPTURE_AUTORELEASING = YES;
				CLANG_WARN_BOOL_CONVERSION = YES;
				CLANG_WARN_COMMA = YES;
				CLANG_WARN_CONSTANT_CONVERSION = YES;
				CLANG_WARN_DEPRECATED_OBJC_IMPLEMENTATIONS = YES;
				CLANG_WARN_DIRECT_OBJC_ISA_USAGE = YES_ERROR;
				CLANG_WARN_DOCUMENTATION_COMMENTS = YES;
				CLANG_WARN_EMPTY_BODY = YES;
				CLANG_WARN_ENUM_CONVERSION = YES;
				CLANG_WARN_INFINITE_RECURSION = YES;
				CLANG_WARN_INT_CONVERSION = YES;
				CLANG_WARN_NON_LITERAL_NULL_CONVERSION = YES;
				CLANG_WARN_OBJC_IMPLICIT_RETAIN_SELF = YES;
				CLANG_WARN_OBJC_LITERAL_CONVERSION = YES;
				CLANG_WARN_OBJC_ROOT_CLASS = YES_ERROR;
				CLANG_WARN_RANGE_LOOP_ANALYSIS = YES;
				CLANG_WARN_STRICT_PROTOTYPES = YES;
				CLANG_WARN_SUSPICIOUS_MOVE = YES;
				CLANG_WARN_UNGUARDED_AVAILABILITY = YES_AGGRESSIVE;
				CLANG_WARN_UNREACHABLE_CODE = YES;
				CLANG_WARN__DUPLICATE_METHOD_MATCH = YES;
				COPY_PHASE_STRIP = NO;
				DEBUG_INFORMATION_FORMAT = "dwarf-with-dsym";
				ENABLE_NS_ASSERTIONS = NO;
				ENABLE_STRICT_OBJC_MSGSEND = YES;
				GCC_C_LANGUAGE_STANDARD = gnu11;
				GCC_NO_COMMON_BLOCKS = YES;
				GCC_WARN_64_TO_32_BIT_CONVERSION = YES;
				GCC_WARN_ABOUT_RETURN_TYPE = YES_ERROR;
				GCC_WARN_UNDECLARED_SELECTOR = YES;
				GCC_WARN_UNINITIALIZED_AUTOS = YES_AGGRESSIVE;
				GCC_WARN_UNUSED_FUNCTION = YES;
				GCC_WARN_UNUSED_VARIABLE = YES;
				IPHONEOS_DEPLOYMENT_TARGET = 13.6;
				MTL_ENABLE_DEBUG_INFO = NO;
				MTL_FAST_MATH = YES;
				SDKROOT = iphoneos;
				SWIFT_COMPILATION_MODE = wholemodule;
				SWIFT_OPTIMIZATION_LEVEL = "-O";
				VALIDATE_PRODUCT = YES;
			};
			name = Release;
		};
		1A1789B324D49AE90059B4AC /* Debug */ = {
			isa = XCBuildConfiguration;
			buildSettings = {
				ASSETCATALOG_COMPILER_APPICON_NAME = AppIcon;
				CODE_SIGN_STYLE = Automatic;
				DEVELOPMENT_TEAM = 8LA25GWARZ;
				INFOPLIST_FILE = "APOD/Suporting Files/info.plist";
				"INFOPLIST_FILE[sdk=*]" = "APOD/Suporting Files/info.plist";
				IPHONEOS_DEPLOYMENT_TARGET = 13.0;
				LD_RUNPATH_SEARCH_PATHS = (
					"$(inherited)",
					"@executable_path/Frameworks",
				);
				PRODUCT_BUNDLE_IDENTIFIER = com.backbase.bcsbeta;
				PRODUCT_NAME = "$(TARGET_NAME)";
				SWIFT_VERSION = 5.0;
				TARGETED_DEVICE_FAMILY = "1,2";
			};
			name = Debug;
		};
		1A1789B424D49AE90059B4AC /* Release */ = {
			isa = XCBuildConfiguration;
			buildSettings = {
				ASSETCATALOG_COMPILER_APPICON_NAME = AppIcon;
				CODE_SIGN_STYLE = Automatic;
				DEVELOPMENT_TEAM = 8LA25GWARZ;
				INFOPLIST_FILE = "APOD/Suporting Files/info.plist";
				IPHONEOS_DEPLOYMENT_TARGET = 13.0;
				LD_RUNPATH_SEARCH_PATHS = (
					"$(inherited)",
					"@executable_path/Frameworks",
				);
				PRODUCT_BUNDLE_IDENTIFIER = com.backbase.bcsbeta;
				PRODUCT_NAME = "$(TARGET_NAME)";
				SWIFT_VERSION = 5.0;
				TARGETED_DEVICE_FAMILY = "1,2";
			};
			name = Release;
		};
/* End XCBuildConfiguration section */

/* Begin XCConfigurationList section */
		1A17899924D49AE80059B4AC /* Build configuration list for PBXProject "APOD" */ = {
			isa = XCConfigurationList;
			buildConfigurations = (
				1A1789B024D49AE90059B4AC /* Debug */,
				1A1789B124D49AE90059B4AC /* Release */,
			);
			defaultConfigurationIsVisible = 0;
			defaultConfigurationName = Release;
		};
		1A1789B224D49AE90059B4AC /* Build configuration list for PBXNativeTarget "APOD" */ = {
			isa = XCConfigurationList;
			buildConfigurations = (
				1A1789B324D49AE90059B4AC /* Debug */,
				1A1789B424D49AE90059B4AC /* Release */,
			);
			defaultConfigurationIsVisible = 0;
			defaultConfigurationName = Release;
		};
/* End XCConfigurationList section */
	};
	rootObject = 1A17899624D49AE80059B4AC /* Project object */;
}
